
Microsoft Visual Studio Solution File, Format Version 12.00
# Visual Studio 14
VisualStudioVersion = 14.0.23107.0
MinimumVisualStudioVersion = 10.0.40219.1
Project("{FAE04EC0-301F-11D3-BF4B-00C04F79EFBC}") = "EdlinSoftware.BlackJack.Tests", "EdlinSoftware.BlackJack.Tests\EdlinSoftware.BlackJack.Tests.csproj", "{88CC2D05-039D-4912-98A7-415060FE6CBD}"
EndProject
Project("{2150E333-8FDC-42A3-9474-1A3956D46DE8}") = "Tests", "Tests", "{97889358-0633-4B7B-8D54-113DA2C154EC}"
EndProject
Project("{FAE04EC0-301F-11D3-BF4B-00C04F79EFBC}") = "EdlinSoftware.BlackJack.UI", "EdlinSoftware.BlackJack.UI\EdlinSoftware.BlackJack.UI.csproj", "{745F20EC-83B1-4BEF-95C8-903CD8F15BC0}"
EndProject
Project("{FAE04EC0-301F-11D3-BF4B-00C04F79EFBC}") = "EdlinSoftware.BlackJack", "EdlinSoftware.BlackJack\EdlinSoftware.BlackJack.csproj", "{B1C10108-9F1F-4E90-84C9-6928B5951D05}"
EndProject
Global
	GlobalSection(SolutionConfigurationPlatforms) = preSolution
		Debug|Any CPU = Debug|Any CPU
		Release|Any CPU = Release|Any CPU
	EndGlobalSection
	GlobalSection(ProjectConfigurationPlatforms) = postSolution
		{88CC2D05-039D-4912-98A7-415060FE6CBD}.Debug|Any CPU.ActiveCfg = Debug|Any CPU
		{88CC2D05-039D-4912-98A7-415060FE6CBD}.Debug|Any CPU.Build.0 = Debug|Any CPU
		{88CC2D05-039D-4912-98A7-415060FE6CBD}.Release|Any CPU.ActiveCfg = Release|Any CPU
		{88CC2D05-039D-4912-98A7-415060FE6CBD}.Release|Any CPU.Build.0 = Release|Any CPU
		{745F20EC-83B1-4BEF-95C8-903CD8F15BC0}.Debug|Any CPU.ActiveCfg = Debug|Any CPU
		{745F20EC-83B1-4BEF-95C8-903CD8F15BC0}.Debug|Any CPU.Build.0 = Debug|Any CPU
		{745F20EC-83B1-4BEF-95C8-903CD8F15BC0}.Release|Any CPU.ActiveCfg = Release|Any CPU
		{745F20EC-83B1-4BEF-95C8-903CD8F15BC0}.Release|Any CPU.Build.0 = Release|Any CPU
		{B1C10108-9F1F-4E90-84C9-6928B5951D05}.Debug|Any CPU.ActiveCfg = Debug|Any CPU
		{B1C10108-9F1F-4E90-84C9-6928B5951D05}.Debug|Any CPU.Build.0 = Debug|Any CPU
		{B1C10108-9F1F-4E90-84C9-6928B5951D05}.Release|Any CPU.ActiveCfg = Release|Any CPU
		{B1C10108-9F1F-4E90-84C9-6928B5951D05}.Release|Any CPU.Build.0 = Release|Any CPU
	EndGlobalSection
	GlobalSection(SolutionProperties) = preSolution
		HideSolutionNode = FALSE
	EndGlobalSection
	GlobalSection(NestedProjects) = preSolution
		{88CC2D05-039D-4912-98A7-415060FE6CBD} = {97889358-0633-4B7B-8D54-113DA2C154EC}
	EndGlobalSection
EndGlobal
